# generated by rye
# use `rye lock` or `rye sync` to update this lockfile
#
# last locked with the following flags:
#   pre: false
#   features: []
#   all-features: false
#   with-sources: false
#   generate-hashes: false
#   universal: false

-e file:.
annotated-types==0.7.0
    # via pydantic
anyio==4.7.0
    # via starlette
beautifulsoup4==4.12.3
    # via noti-scraperapi
black==24.10.0
    # via noti-scraperapi
certifi==2024.7.4
    # via requests
charset-normalizer==3.3.2
    # via requests
click==8.1.7
    # via black
    # via uvicorn
colorama==0.4.6
    # via click
dnspython==2.7.0
    # via pymongo
fastapi==0.115.6
    # via noti-scraperapi
h11==0.14.0
    # via uvicorn
idna==3.7
    # via anyio
    # via requests
mypy-extensions==1.0.0
    # via black
packaging==24.2
    # via black
pathspec==0.12.1
    # via black
platformdirs==4.3.6
    # via black
pydantic==2.10.3
    # via fastapi
pydantic-core==2.27.1
    # via pydantic
pymongo==4.10.1
    # via noti-scraperapi
python-decouple==3.8
    # via noti-scraperapi
requests==2.32.3
    # via noti-scraperapi
schedule==1.2.2
    # via noti-scraperapi
sniffio==1.3.1
    # via anyio
soupsieve==2.5
    # via beautifulsoup4
starlette==0.41.3
    # via fastapi
typing-extensions==4.12.2
    # via anyio
    # via fastapi
    # via pydantic
    # via pydantic-core
urllib3==2.2.2
    # via requests
uvicorn==0.32.1
    # via noti-scraperapi
